
Microsoft Visual Studio Solution File, Format Version 12.00
# Visual Studio 2017
Project("{FAE04EC0-301F-11D3-BF4B-00C04F79EFBC}") = "Multi_Image_Target", "Multi_Image_Target.csproj", "{8B310C34-9C3B-B3F1-1563-14EB19F69B3E}"
EndProject
Project("{FAE04EC0-301F-11D3-BF4B-00C04F79EFBC}") = "Multi_Image_Target.Editor", "Multi_Image_Target.Editor.csproj", "{56481068-DFEC-94C8-B086-3283E39E9739}"
EndProject
Global
	GlobalSection(SolutionConfigurationPlatforms) = preSolution
		Debug|Any CPU = Debug|Any CPU
		Release|Any CPU = Release|Any CPU
	EndGlobalSection
	GlobalSection(ProjectConfigurationPlatforms) = postSolution
		{8B310C34-9C3B-B3F1-1563-14EB19F69B3E}.Debug|Any CPU.ActiveCfg = Debug|Any CPU
		{8B310C34-9C3B-B3F1-1563-14EB19F69B3E}.Debug|Any CPU.Build.0 = Debug|Any CPU
		{8B310C34-9C3B-B3F1-1563-14EB19F69B3E}.Release|Any CPU.ActiveCfg = Release|Any CPU
		{8B310C34-9C3B-B3F1-1563-14EB19F69B3E}.Release|Any CPU.Build.0 = Release|Any CPU
		{56481068-DFEC-94C8-B086-3283E39E9739}.Debug|Any CPU.ActiveCfg = Debug|Any CPU
		{56481068-DFEC-94C8-B086-3283E39E9739}.Debug|Any CPU.Build.0 = Debug|Any CPU
		{56481068-DFEC-94C8-B086-3283E39E9739}.Release|Any CPU.ActiveCfg = Release|Any CPU
		{56481068-DFEC-94C8-B086-3283E39E9739}.Release|Any CPU.Build.0 = Release|Any CPU
	EndGlobalSection
	GlobalSection(SolutionProperties) = preSolution
		HideSolutionNode = FALSE
	EndGlobalSection
EndGlobal
