
Microsoft Visual Studio Solution File, Format Version 12.00
# Visual Studio 2017
Project("{FAE04EC0-301F-11D3-BF4B-00C04F79EFBC}") = "Virtual Button Project", "Virtual Button Project.csproj", "{9DC00B84-BB85-3EE0-B885-94E15C7AE29C}"
EndProject
Project("{FAE04EC0-301F-11D3-BF4B-00C04F79EFBC}") = "Virtual Button Project.Editor", "Virtual Button Project.Editor.csproj", "{A15414BF-A594-209E-B619-7EBC4DC49E37}"
EndProject
Global
	GlobalSection(SolutionConfigurationPlatforms) = preSolution
		Debug|Any CPU = Debug|Any CPU
		Release|Any CPU = Release|Any CPU
	EndGlobalSection
	GlobalSection(ProjectConfigurationPlatforms) = postSolution
		{9DC00B84-BB85-3EE0-B885-94E15C7AE29C}.Debug|Any CPU.ActiveCfg = Debug|Any CPU
		{9DC00B84-BB85-3EE0-B885-94E15C7AE29C}.Debug|Any CPU.Build.0 = Debug|Any CPU
		{9DC00B84-BB85-3EE0-B885-94E15C7AE29C}.Release|Any CPU.ActiveCfg = Release|Any CPU
		{9DC00B84-BB85-3EE0-B885-94E15C7AE29C}.Release|Any CPU.Build.0 = Release|Any CPU
		{A15414BF-A594-209E-B619-7EBC4DC49E37}.Debug|Any CPU.ActiveCfg = Debug|Any CPU
		{A15414BF-A594-209E-B619-7EBC4DC49E37}.Debug|Any CPU.Build.0 = Debug|Any CPU
		{A15414BF-A594-209E-B619-7EBC4DC49E37}.Release|Any CPU.ActiveCfg = Release|Any CPU
		{A15414BF-A594-209E-B619-7EBC4DC49E37}.Release|Any CPU.Build.0 = Release|Any CPU
	EndGlobalSection
	GlobalSection(SolutionProperties) = preSolution
		HideSolutionNode = FALSE
	EndGlobalSection
EndGlobal
